// !$*UTF8*$!
{
	archiveVersion = 1;
	classes = {
	};
	objectVersion = 46;
	objects = {

/* Begin PBXBuildFile section */
		630CBE4BF5D5ABC751788890 /* Pods_BodyMassIndexTests.framework in Frameworks */ = {isa = PBXBuildFile; fileRef = F7DD510385034329AEDECAE2 /* Pods_BodyMassIndexTests.framework */; };
		A2A84C3CE9B795180D821827 /* Pods_BodyMassIndex.framework in Frameworks */ = {isa = PBXBuildFile; fileRef = 08D98FE08BC4B3900765AF1E /* Pods_BodyMassIndex.framework */; };
		B12E0E2B1F3DE2F60075A26C /* RegistrationEventHandler.swift in Sources */ = {isa = PBXBuildFile; fileRef = B12E0E261F3DE2F60075A26C /* RegistrationEventHandler.swift */; };
		B12E0E2C1F3DE2F60075A26C /* RegistrationPresenter.swift in Sources */ = {isa = PBXBuildFile; fileRef = B12E0E271F3DE2F60075A26C /* RegistrationPresenter.swift */; };
		B12E0E2D1F3DE2F60075A26C /* RegistrationRouter.swift in Sources */ = {isa = PBXBuildFile; fileRef = B12E0E281F3DE2F60075A26C /* RegistrationRouter.swift */; };
		B12E0E2E1F3DE2F60075A26C /* RegistrationView.swift in Sources */ = {isa = PBXBuildFile; fileRef = B12E0E291F3DE2F60075A26C /* RegistrationView.swift */; };
		B12E0E2F1F3DE2F60075A26C /* RegistrationWireframe.swift in Sources */ = {isa = PBXBuildFile; fileRef = B12E0E2A1F3DE2F60075A26C /* RegistrationWireframe.swift */; };
		B12E0E331F3DE3250075A26C /* RegistrationViewController.swift in Sources */ = {isa = PBXBuildFile; fileRef = B12E0E311F3DE3250075A26C /* RegistrationViewController.swift */; };
		B12E0E341F3DE3250075A26C /* RegistrationViewController.xib in Resources */ = {isa = PBXBuildFile; fileRef = B12E0E321F3DE3250075A26C /* RegistrationViewController.xib */; };
		B12E0E361F3DEA720075A26C /* RegistrationDataInteractor.swift in Sources */ = {isa = PBXBuildFile; fileRef = B12E0E351F3DEA720075A26C /* RegistrationDataInteractor.swift */; };
		B147D4551F3F1CCD00D9021F /* FileManagerExtension.swift in Sources */ = {isa = PBXBuildFile; fileRef = B147D4541F3F1CC600D9021F /* FileManagerExtension.swift */; };
		B14AD05F1F39A58B00C2C280 /* MeasurementListEventHandler.swift in Sources */ = {isa = PBXBuildFile; fileRef = B14AD05A1F39A58B00C2C280 /* MeasurementListEventHandler.swift */; };
		B14AD0601F39A58B00C2C280 /* MeasurementListPresenter.swift in Sources */ = {isa = PBXBuildFile; fileRef = B14AD05B1F39A58B00C2C280 /* MeasurementListPresenter.swift */; };
		B14AD0611F39A58B00C2C280 /* MeasurementListRouter.swift in Sources */ = {isa = PBXBuildFile; fileRef = B14AD05C1F39A58B00C2C280 /* MeasurementListRouter.swift */; };
		B14AD0621F39A58B00C2C280 /* MeasurementListView.swift in Sources */ = {isa = PBXBuildFile; fileRef = B14AD05D1F39A58B00C2C280 /* MeasurementListView.swift */; };
		B14AD0631F39A58B00C2C280 /* MeasurementListWireframe.swift in Sources */ = {isa = PBXBuildFile; fileRef = B14AD05E1F39A58B00C2C280 /* MeasurementListWireframe.swift */; };
		B14AD0681F39A59700C2C280 /* MeasurementListViewController.swift in Sources */ = {isa = PBXBuildFile; fileRef = B14AD0661F39A59700C2C280 /* MeasurementListViewController.swift */; };
		B14AD0691F39A59700C2C280 /* MeasurementListViewController.xib in Resources */ = {isa = PBXBuildFile; fileRef = B14AD0671F39A59700C2C280 /* MeasurementListViewController.xib */; };
		B14AD06C1F39A5FD00C2C280 /* MainModule.swift in Sources */ = {isa = PBXBuildFile; fileRef = B14AD06A1F39A5FD00C2C280 /* MainModule.swift */; };
		B14AD06D1F39A5FD00C2C280 /* MainModuleWireframe.swift in Sources */ = {isa = PBXBuildFile; fileRef = B14AD06B1F39A5FD00C2C280 /* MainModuleWireframe.swift */; };
		B14AD0741F39AC8B00C2C280 /* ProfileEventHandler.swift in Sources */ = {isa = PBXBuildFile; fileRef = B14AD06F1F39AC8B00C2C280 /* ProfileEventHandler.swift */; };
		B14AD0751F39AC8B00C2C280 /* ProfilePresenter.swift in Sources */ = {isa = PBXBuildFile; fileRef = B14AD0701F39AC8B00C2C280 /* ProfilePresenter.swift */; };
		B14AD0761F39AC8B00C2C280 /* ProfileRouter.swift in Sources */ = {isa = PBXBuildFile; fileRef = B14AD0711F39AC8B00C2C280 /* ProfileRouter.swift */; };
		B14AD0771F39AC8B00C2C280 /* ProfileView.swift in Sources */ = {isa = PBXBuildFile; fileRef = B14AD0721F39AC8B00C2C280 /* ProfileView.swift */; };
		B14AD0781F39AC8B00C2C280 /* ProfileWireframe.swift in Sources */ = {isa = PBXBuildFile; fileRef = B14AD0731F39AC8B00C2C280 /* ProfileWireframe.swift */; };
		B14AD07C1F39AC9C00C2C280 /* ProfileViewController.swift in Sources */ = {isa = PBXBuildFile; fileRef = B14AD07A1F39AC9C00C2C280 /* ProfileViewController.swift */; };
		B14AD07D1F39AC9C00C2C280 /* ProfileViewController.xib in Resources */ = {isa = PBXBuildFile; fileRef = B14AD07B1F39AC9C00C2C280 /* ProfileViewController.xib */; };
		B14AD07F1F39B47000C2C280 /* MeasurementListDataInteractor.swift in Sources */ = {isa = PBXBuildFile; fileRef = B14AD07E1F39B47000C2C280 /* MeasurementListDataInteractor.swift */; };
		B14AD0821F39B64200C2C280 /* MeasurementListCellTableViewCell.swift in Sources */ = {isa = PBXBuildFile; fileRef = B14AD0801F39B64200C2C280 /* MeasurementListCellTableViewCell.swift */; };
		B14AD0831F39B64200C2C280 /* MeasurementListCellTableViewCell.xib in Resources */ = {isa = PBXBuildFile; fileRef = B14AD0811F39B64200C2C280 /* MeasurementListCellTableViewCell.xib */; };
		B14AD0861F39BC1600C2C280 /* DateExtension.swift in Sources */ = {isa = PBXBuildFile; fileRef = B14AD0851F39BC1600C2C280 /* DateExtension.swift */; };
		B14AD0891F39D0B800C2C280 /* Profile.swift in Sources */ = {isa = PBXBuildFile; fileRef = B14AD0881F39D0B800C2C280 /* Profile.swift */; };
		B14AD08B1F39F8CE00C2C280 /* ProfileManager.swift in Sources */ = {isa = PBXBuildFile; fileRef = B14AD08A1F39F8CE00C2C280 /* ProfileManager.swift */; };
		B14AD0921F39FCE300C2C280 /* AddMeasurementEventHandler.swift in Sources */ = {isa = PBXBuildFile; fileRef = B14AD08D1F39FCE300C2C280 /* AddMeasurementEventHandler.swift */; };
		B14AD0931F39FCE300C2C280 /* AddMeasurementPresenter.swift in Sources */ = {isa = PBXBuildFile; fileRef = B14AD08E1F39FCE300C2C280 /* AddMeasurementPresenter.swift */; };
		B14AD0941F39FCE300C2C280 /* AddMeasurementRouter.swift in Sources */ = {isa = PBXBuildFile; fileRef = B14AD08F1F39FCE300C2C280 /* AddMeasurementRouter.swift */; };
		B14AD0951F39FCE300C2C280 /* AddMeasurementView.swift in Sources */ = {isa = PBXBuildFile; fileRef = B14AD0901F39FCE300C2C280 /* AddMeasurementView.swift */; };
		B14AD0961F39FCE300C2C280 /* AddMeasurementWireframe.swift in Sources */ = {isa = PBXBuildFile; fileRef = B14AD0911F39FCE300C2C280 /* AddMeasurementWireframe.swift */; };
		B14AD09A1F39FCF400C2C280 /* AddMeasurementViewController.swift in Sources */ = {isa = PBXBuildFile; fileRef = B14AD0981F39FCF400C2C280 /* AddMeasurementViewController.swift */; };
		B14AD09B1F39FCF400C2C280 /* AddMeasurementViewController.xib in Resources */ = {isa = PBXBuildFile; fileRef = B14AD0991F39FCF400C2C280 /* AddMeasurementViewController.xib */; };
		B14AD09D1F3A146400C2C280 /* GoogleService-Info.plist in Resources */ = {isa = PBXBuildFile; fileRef = B14AD09C1F3A146400C2C280 /* GoogleService-Info.plist */; };
		B14AD09F1F3A1EAF00C2C280 /* FirebaseService.swift in Sources */ = {isa = PBXBuildFile; fileRef = B14AD09E1F3A1EAF00C2C280 /* FirebaseService.swift */; };
		B14C5DD41F3AFDA600115E92 /* AJAlertView.swift in Sources */ = {isa = PBXBuildFile; fileRef = B14C5DD31F3AFDA600115E92 /* AJAlertView.swift */; };
		B1857D291F3E0B04002B6904 /* Measurement.swift in Sources */ = {isa = PBXBuildFile; fileRef = B1857D281F3E0B04002B6904 /* Measurement.swift */; };
		B1A6772E1F38698300B4B3ED /* AppDelegate.swift in Sources */ = {isa = PBXBuildFile; fileRef = B1A6772D1F38698300B4B3ED /* AppDelegate.swift */; };
		B1A677351F38698300B4B3ED /* Assets.xcassets in Resources */ = {isa = PBXBuildFile; fileRef = B1A677341F38698300B4B3ED /* Assets.xcassets */; };
		B1A677381F38698300B4B3ED /* LaunchScreen.storyboard in Resources */ = {isa = PBXBuildFile; fileRef = B1A677361F38698300B4B3ED /* LaunchScreen.storyboard */; };
		B1A677431F38698300B4B3ED /* BodyMassIndexTests.swift in Sources */ = {isa = PBXBuildFile; fileRef = B1A677421F38698300B4B3ED /* BodyMassIndexTests.swift */; };
		B1A677681F386B7C00B4B3ED /* ModuleManager.swift in Sources */ = {isa = PBXBuildFile; fileRef = B1A6774F1F386B7C00B4B3ED /* ModuleManager.swift */; };
		B1A677691F386B7C00B4B3ED /* Module.swift in Sources */ = {isa = PBXBuildFile; fileRef = B1A677511F386B7C00B4B3ED /* Module.swift */; };
		B1A6776A1F386B7D00B4B3ED /* Wireframe.swift in Sources */ = {isa = PBXBuildFile; fileRef = B1A677521F386B7C00B4B3ED /* Wireframe.swift */; };
		B1A6776B1F386B7D00B4B3ED /* WelcomeModuleWireframe.swift in Sources */ = {isa = PBXBuildFile; fileRef = B1A677541F386B7C00B4B3ED /* WelcomeModuleWireframe.swift */; };
		B1A6776C1F386B7D00B4B3ED /* WelcomeModule.swift in Sources */ = {isa = PBXBuildFile; fileRef = B1A677551F386B7C00B4B3ED /* WelcomeModule.swift */; };
		B1A6776D1F386B7D00B4B3ED /* WelcomeEventHandler.swift in Sources */ = {isa = PBXBuildFile; fileRef = B1A677571F386B7C00B4B3ED /* WelcomeEventHandler.swift */; };
		B1A6776E1F386B7D00B4B3ED /* WelcomePresenter.swift in Sources */ = {isa = PBXBuildFile; fileRef = B1A677581F386B7C00B4B3ED /* WelcomePresenter.swift */; };
		B1A6776F1F386B7D00B4B3ED /* WelcomeRouter.swift in Sources */ = {isa = PBXBuildFile; fileRef = B1A677591F386B7C00B4B3ED /* WelcomeRouter.swift */; };
		B1A677701F386B7D00B4B3ED /* WelcomeView.swift in Sources */ = {isa = PBXBuildFile; fileRef = B1A6775A1F386B7C00B4B3ED /* WelcomeView.swift */; };
		B1A677711F386B7D00B4B3ED /* WelcomeWireframe.swift in Sources */ = {isa = PBXBuildFile; fileRef = B1A6775B1F386B7C00B4B3ED /* WelcomeWireframe.swift */; };
		B1A677721F386B7D00B4B3ED /* WelcomeViewController.swift in Sources */ = {isa = PBXBuildFile; fileRef = B1A6775F1F386B7C00B4B3ED /* WelcomeViewController.swift */; };
		B1A677731F386B7D00B4B3ED /* WelcomeViewController.xib in Resources */ = {isa = PBXBuildFile; fileRef = B1A677601F386B7C00B4B3ED /* WelcomeViewController.xib */; };
		B1A677841F38A1BF00B4B3ED /* FacebookService.swift in Sources */ = {isa = PBXBuildFile; fileRef = B1A677831F38A1BF00B4B3ED /* FacebookService.swift */; };
		B1D76FE51F3DABE300698299 /* AddMeasurementDataInteractor.swift in Sources */ = {isa = PBXBuildFile; fileRef = B1D76FE41F3DABE300698299 /* AddMeasurementDataInteractor.swift */; };
		B1D76FE71F3DAFD100698299 /* ProfileDataInteractor.swift in Sources */ = {isa = PBXBuildFile; fileRef = B1D76FE61F3DAFD100698299 /* ProfileDataInteractor.swift */; };
		B1D76FE91F3DB51D00698299 /* UIViewControllerExtension.swift in Sources */ = {isa = PBXBuildFile; fileRef = B1D76FE81F3DB51D00698299 /* UIViewControllerExtension.swift */; };
		B1D76FF01F3DB7EB00698299 /* LoadingIndicatorView.swift in Sources */ = {isa = PBXBuildFile; fileRef = B1D76FEF1F3DB7EB00698299 /* LoadingIndicatorView.swift */; };
		B1D76FF21F3DB7FD00698299 /* LoadingIndicatorView.xib in Resources */ = {isa = PBXBuildFile; fileRef = B1D76FF11F3DB7FD00698299 /* LoadingIndicatorView.xib */; };
		B1D76FF41F3DB81900698299 /* LoadingIndicator.swift in Sources */ = {isa = PBXBuildFile; fileRef = B1D76FF31F3DB81900698299 /* LoadingIndicator.swift */; };
		B1D76FF61F3DBC5900698299 /* CommonView.swift in Sources */ = {isa = PBXBuildFile; fileRef = B1D76FF51F3DBC5900698299 /* CommonView.swift */; };
		B1D76FF81F3DC82C00698299 /* WelcomeDataInteractor.swift in Sources */ = {isa = PBXBuildFile; fileRef = B1D76FF71F3DC82C00698299 /* WelcomeDataInteractor.swift */; };
		B1DAE22D1F3CB391002043F3 /* StringExtension.swift in Sources */ = {isa = PBXBuildFile; fileRef = B1DAE22C1F3CB391002043F3 /* StringExtension.swift */; };
/* End PBXBuildFile section */

/* Begin PBXContainerItemProxy section */
		B1A6773F1F38698300B4B3ED /* PBXContainerItemProxy */ = {
			isa = PBXContainerItemProxy;
			containerPortal = B1A677221F38698300B4B3ED /* Project object */;
			proxyType = 1;
			remoteGlobalIDString = B1A677291F38698300B4B3ED;
			remoteInfo = BodyMassIndex;
		};
/* End PBXContainerItemProxy section */

/* Begin PBXFileReference section */
		08D98FE08BC4B3900765AF1E /* Pods_BodyMassIndex.framework */ = {isa = PBXFileReference; explicitFileType = wrapper.framework; includeInIndex = 0; path = Pods_BodyMassIndex.framework; sourceTree = BUILT_PRODUCTS_DIR; };
		0B8947ADA2D77C5E58701805 /* Pods-BodyMassIndexTests.release.xcconfig */ = {isa = PBXFileReference; includeInIndex = 1; lastKnownFileType = text.xcconfig; name = "Pods-BodyMassIndexTests.release.xcconfig"; path = "Pods/Target Support Files/Pods-BodyMassIndexTests/Pods-BodyMassIndexTests.release.xcconfig"; sourceTree = "<group>"; };
		B12E0E261F3DE2F60075A26C /* RegistrationEventHandler.swift */ = {isa = PBXFileReference; fileEncoding = 4; lastKnownFileType = sourcecode.swift; path = RegistrationEventHandler.swift; sourceTree = "<group>"; };
		B12E0E271F3DE2F60075A26C /* RegistrationPresenter.swift */ = {isa = PBXFileReference; fileEncoding = 4; lastKnownFileType = sourcecode.swift; path = RegistrationPresenter.swift; sourceTree = "<group>"; };
		B12E0E281F3DE2F60075A26C /* RegistrationRouter.swift */ = {isa = PBXFileReference; fileEncoding = 4; lastKnownFileType = sourcecode.swift; path = RegistrationRouter.swift; sourceTree = "<group>"; };
		B12E0E291F3DE2F60075A26C /* RegistrationView.swift */ = {isa = PBXFileReference; fileEncoding = 4; lastKnownFileType = sourcecode.swift; path = RegistrationView.swift; sourceTree = "<group>"; };
		B12E0E2A1F3DE2F60075A26C /* RegistrationWireframe.swift */ = {isa = PBXFileReference; fileEncoding = 4; lastKnownFileType = sourcecode.swift; path = RegistrationWireframe.swift; sourceTree = "<group>"; };
		B12E0E311F3DE3250075A26C /* RegistrationViewController.swift */ = {isa = PBXFileReference; fileEncoding = 4; lastKnownFileType = sourcecode.swift; path = RegistrationViewController.swift; sourceTree = "<group>"; };
		B12E0E321F3DE3250075A26C /* RegistrationViewController.xib */ = {isa = PBXFileReference; fileEncoding = 4; lastKnownFileType = file.xib; path = RegistrationViewController.xib; sourceTree = "<group>"; };
		B12E0E351F3DEA720075A26C /* RegistrationDataInteractor.swift */ = {isa = PBXFileReference; fileEncoding = 4; lastKnownFileType = sourcecode.swift; path = RegistrationDataInteractor.swift; sourceTree = "<group>"; };
		B147D4541F3F1CC600D9021F /* FileManagerExtension.swift */ = {isa = PBXFileReference; fileEncoding = 4; lastKnownFileType = sourcecode.swift; path = FileManagerExtension.swift; sourceTree = "<group>"; };
		B14AD05A1F39A58B00C2C280 /* MeasurementListEventHandler.swift */ = {isa = PBXFileReference; fileEncoding = 4; lastKnownFileType = sourcecode.swift; path = MeasurementListEventHandler.swift; sourceTree = "<group>"; };
		B14AD05B1F39A58B00C2C280 /* MeasurementListPresenter.swift */ = {isa = PBXFileReference; fileEncoding = 4; lastKnownFileType = sourcecode.swift; path = MeasurementListPresenter.swift; sourceTree = "<group>"; };
		B14AD05C1F39A58B00C2C280 /* MeasurementListRouter.swift */ = {isa = PBXFileReference; fileEncoding = 4; lastKnownFileType = sourcecode.swift; path = MeasurementListRouter.swift; sourceTree = "<group>"; };
		B14AD05D1F39A58B00C2C280 /* MeasurementListView.swift */ = {isa = PBXFileReference; fileEncoding = 4; lastKnownFileType = sourcecode.swift; path = MeasurementListView.swift; sourceTree = "<group>"; };
		B14AD05E1F39A58B00C2C280 /* MeasurementListWireframe.swift */ = {isa = PBXFileReference; fileEncoding = 4; lastKnownFileType = sourcecode.swift; path = MeasurementListWireframe.swift; sourceTree = "<group>"; };
		B14AD0661F39A59700C2C280 /* MeasurementListViewController.swift */ = {isa = PBXFileReference; fileEncoding = 4; lastKnownFileType = sourcecode.swift; path = MeasurementListViewController.swift; sourceTree = "<group>"; };
		B14AD0671F39A59700C2C280 /* MeasurementListViewController.xib */ = {isa = PBXFileReference; fileEncoding = 4; lastKnownFileType = file.xib; path = MeasurementListViewController.xib; sourceTree = "<group>"; };
		B14AD06A1F39A5FD00C2C280 /* MainModule.swift */ = {isa = PBXFileReference; fileEncoding = 4; lastKnownFileType = sourcecode.swift; path = MainModule.swift; sourceTree = "<group>"; };
		B14AD06B1F39A5FD00C2C280 /* MainModuleWireframe.swift */ = {isa = PBXFileReference; fileEncoding = 4; lastKnownFileType = sourcecode.swift; path = MainModuleWireframe.swift; sourceTree = "<group>"; };
		B14AD06F1F39AC8B00C2C280 /* ProfileEventHandler.swift */ = {isa = PBXFileReference; fileEncoding = 4; lastKnownFileType = sourcecode.swift; path = ProfileEventHandler.swift; sourceTree = "<group>"; };
		B14AD0701F39AC8B00C2C280 /* ProfilePresenter.swift */ = {isa = PBXFileReference; fileEncoding = 4; lastKnownFileType = sourcecode.swift; path = ProfilePresenter.swift; sourceTree = "<group>"; };
		B14AD0711F39AC8B00C2C280 /* ProfileRouter.swift */ = {isa = PBXFileReference; fileEncoding = 4; lastKnownFileType = sourcecode.swift; path = ProfileRouter.swift; sourceTree = "<group>"; };
		B14AD0721F39AC8B00C2C280 /* ProfileView.swift */ = {isa = PBXFileReference; fileEncoding = 4; lastKnownFileType = sourcecode.swift; path = ProfileView.swift; sourceTree = "<group>"; };
		B14AD0731F39AC8B00C2C280 /* ProfileWireframe.swift */ = {isa = PBXFileReference; fileEncoding = 4; lastKnownFileType = sourcecode.swift; path = ProfileWireframe.swift; sourceTree = "<group>"; };
		B14AD07A1F39AC9C00C2C280 /* ProfileViewController.swift */ = {isa = PBXFileReference; fileEncoding = 4; lastKnownFileType = sourcecode.swift; path = ProfileViewController.swift; sourceTree = "<group>"; };
		B14AD07B1F39AC9C00C2C280 /* ProfileViewController.xib */ = {isa = PBXFileReference; fileEncoding = 4; lastKnownFileType = file.xib; path = ProfileViewController.xib; sourceTree = "<group>"; };
		B14AD07E1F39B47000C2C280 /* MeasurementListDataInteractor.swift */ = {isa = PBXFileReference; fileEncoding = 4; lastKnownFileType = sourcecode.swift; path = MeasurementListDataInteractor.swift; sourceTree = "<group>"; };
		B14AD0801F39B64200C2C280 /* MeasurementListCellTableViewCell.swift */ = {isa = PBXFileReference; fileEncoding = 4; lastKnownFileType = sourcecode.swift; path = MeasurementListCellTableViewCell.swift; sourceTree = "<group>"; };
		B14AD0811F39B64200C2C280 /* MeasurementListCellTableViewCell.xib */ = {isa = PBXFileReference; fileEncoding = 4; lastKnownFileType = file.xib; path = MeasurementListCellTableViewCell.xib; sourceTree = "<group>"; };
		B14AD0851F39BC1600C2C280 /* DateExtension.swift */ = {isa = PBXFileReference; fileEncoding = 4; lastKnownFileType = sourcecode.swift; path = DateExtension.swift; sourceTree = "<group>"; };
		B14AD0871F39BCCA00C2C280 /* MyPlayground.playground */ = {isa = PBXFileReference; lastKnownFileType = file.playground; path = MyPlayground.playground; sourceTree = "<group>"; };
		B14AD0881F39D0B800C2C280 /* Profile.swift */ = {isa = PBXFileReference; fileEncoding = 4; lastKnownFileType = sourcecode.swift; path = Profile.swift; sourceTree = "<group>"; };
		B14AD08A1F39F8CE00C2C280 /* ProfileManager.swift */ = {isa = PBXFileReference; fileEncoding = 4; lastKnownFileType = sourcecode.swift; path = ProfileManager.swift; sourceTree = "<group>"; };
		B14AD08D1F39FCE300C2C280 /* AddMeasurementEventHandler.swift */ = {isa = PBXFileReference; fileEncoding = 4; lastKnownFileType = sourcecode.swift; path = AddMeasurementEventHandler.swift; sourceTree = "<group>"; };
		B14AD08E1F39FCE300C2C280 /* AddMeasurementPresenter.swift */ = {isa = PBXFileReference; fileEncoding = 4; lastKnownFileType = sourcecode.swift; path = AddMeasurementPresenter.swift; sourceTree = "<group>"; };
		B14AD08F1F39FCE300C2C280 /* AddMeasurementRouter.swift */ = {isa = PBXFileReference; fileEncoding = 4; lastKnownFileType = sourcecode.swift; path = AddMeasurementRouter.swift; sourceTree = "<group>"; };
		B14AD0901F39FCE300C2C280 /* AddMeasurementView.swift */ = {isa = PBXFileReference; fileEncoding = 4; lastKnownFileType = sourcecode.swift; path = AddMeasurementView.swift; sourceTree = "<group>"; };
		B14AD0911F39FCE300C2C280 /* AddMeasurementWireframe.swift */ = {isa = PBXFileReference; fileEncoding = 4; lastKnownFileType = sourcecode.swift; path = AddMeasurementWireframe.swift; sourceTree = "<group>"; };
		B14AD0981F39FCF400C2C280 /* AddMeasurementViewController.swift */ = {isa = PBXFileReference; fileEncoding = 4; lastKnownFileType = sourcecode.swift; path = AddMeasurementViewController.swift; sourceTree = "<group>"; };
		B14AD0991F39FCF400C2C280 /* AddMeasurementViewController.xib */ = {isa = PBXFileReference; fileEncoding = 4; lastKnownFileType = file.xib; path = AddMeasurementViewController.xib; sourceTree = "<group>"; };
		B14AD09C1F3A146400C2C280 /* GoogleService-Info.plist */ = {isa = PBXFileReference; fileEncoding = 4; lastKnownFileType = text.plist.xml; path = "GoogleService-Info.plist"; sourceTree = "<group>"; };
		B14AD09E1F3A1EAF00C2C280 /* FirebaseService.swift */ = {isa = PBXFileReference; fileEncoding = 4; lastKnownFileType = sourcecode.swift; path = FirebaseService.swift; sourceTree = "<group>"; };
		B14C5DD31F3AFDA600115E92 /* AJAlertView.swift */ = {isa = PBXFileReference; fileEncoding = 4; lastKnownFileType = sourcecode.swift; path = AJAlertView.swift; sourceTree = "<group>"; };
		B1857D281F3E0B04002B6904 /* Measurement.swift */ = {isa = PBXFileReference; fileEncoding = 4; lastKnownFileType = sourcecode.swift; path = Measurement.swift; sourceTree = "<group>"; };
		B1A6772A1F38698300B4B3ED /* BodyMassIndex.app */ = {isa = PBXFileReference; explicitFileType = wrapper.application; includeInIndex = 0; path = BodyMassIndex.app; sourceTree = BUILT_PRODUCTS_DIR; };
		B1A6772D1F38698300B4B3ED /* AppDelegate.swift */ = {isa = PBXFileReference; lastKnownFileType = sourcecode.swift; path = AppDelegate.swift; sourceTree = "<group>"; };
		B1A677341F38698300B4B3ED /* Assets.xcassets */ = {isa = PBXFileReference; lastKnownFileType = folder.assetcatalog; path = Assets.xcassets; sourceTree = "<group>"; };
		B1A677371F38698300B4B3ED /* Base */ = {isa = PBXFileReference; lastKnownFileType = file.storyboard; name = Base; path = Base.lproj/LaunchScreen.storyboard; sourceTree = "<group>"; };
		B1A677391F38698300B4B3ED /* Info.plist */ = {isa = PBXFileReference; lastKnownFileType = text.plist.xml; path = Info.plist; sourceTree = "<group>"; };
		B1A6773E1F38698300B4B3ED /* BodyMassIndexTests.xctest */ = {isa = PBXFileReference; explicitFileType = wrapper.cfbundle; includeInIndex = 0; path = BodyMassIndexTests.xctest; sourceTree = BUILT_PRODUCTS_DIR; };
		B1A677421F38698300B4B3ED /* BodyMassIndexTests.swift */ = {isa = PBXFileReference; lastKnownFileType = sourcecode.swift; path = BodyMassIndexTests.swift; sourceTree = "<group>"; };
		B1A677441F38698300B4B3ED /* Info.plist */ = {isa = PBXFileReference; lastKnownFileType = text.plist.xml; path = Info.plist; sourceTree = "<group>"; };
		B1A6774F1F386B7C00B4B3ED /* ModuleManager.swift */ = {isa = PBXFileReference; fileEncoding = 4; lastKnownFileType = sourcecode.swift; path = ModuleManager.swift; sourceTree = "<group>"; };
		B1A677511F386B7C00B4B3ED /* Module.swift */ = {isa = PBXFileReference; fileEncoding = 4; lastKnownFileType = sourcecode.swift; path = Module.swift; sourceTree = "<group>"; };
		B1A677521F386B7C00B4B3ED /* Wireframe.swift */ = {isa = PBXFileReference; fileEncoding = 4; lastKnownFileType = sourcecode.swift; path = Wireframe.swift; sourceTree = "<group>"; };
		B1A677541F386B7C00B4B3ED /* WelcomeModuleWireframe.swift */ = {isa = PBXFileReference; fileEncoding = 4; lastKnownFileType = sourcecode.swift; path = WelcomeModuleWireframe.swift; sourceTree = "<group>"; };
		B1A677551F386B7C00B4B3ED /* WelcomeModule.swift */ = {isa = PBXFileReference; fileEncoding = 4; lastKnownFileType = sourcecode.swift; path = WelcomeModule.swift; sourceTree = "<group>"; };
		B1A677571F386B7C00B4B3ED /* WelcomeEventHandler.swift */ = {isa = PBXFileReference; fileEncoding = 4; lastKnownFileType = sourcecode.swift; path = WelcomeEventHandler.swift; sourceTree = "<group>"; };
		B1A677581F386B7C00B4B3ED /* WelcomePresenter.swift */ = {isa = PBXFileReference; fileEncoding = 4; lastKnownFileType = sourcecode.swift; path = WelcomePresenter.swift; sourceTree = "<group>"; };
		B1A677591F386B7C00B4B3ED /* WelcomeRouter.swift */ = {isa = PBXFileReference; fileEncoding = 4; lastKnownFileType = sourcecode.swift; path = WelcomeRouter.swift; sourceTree = "<group>"; };
		B1A6775A1F386B7C00B4B3ED /* WelcomeView.swift */ = {isa = PBXFileReference; fileEncoding = 4; lastKnownFileType = sourcecode.swift; path = WelcomeView.swift; sourceTree = "<group>"; };
		B1A6775B1F386B7C00B4B3ED /* WelcomeWireframe.swift */ = {isa = PBXFileReference; fileEncoding = 4; lastKnownFileType = sourcecode.swift; path = WelcomeWireframe.swift; sourceTree = "<group>"; };
		B1A6775F1F386B7C00B4B3ED /* WelcomeViewController.swift */ = {isa = PBXFileReference; fileEncoding = 4; lastKnownFileType = sourcecode.swift; path = WelcomeViewController.swift; sourceTree = "<group>"; };
		B1A677601F386B7C00B4B3ED /* WelcomeViewController.xib */ = {isa = PBXFileReference; fileEncoding = 4; lastKnownFileType = file.xib; path = WelcomeViewController.xib; sourceTree = "<group>"; };
		B1A677831F38A1BF00B4B3ED /* FacebookService.swift */ = {isa = PBXFileReference; fileEncoding = 4; lastKnownFileType = sourcecode.swift; path = FacebookService.swift; sourceTree = "<group>"; };
		B1D76FE41F3DABE300698299 /* AddMeasurementDataInteractor.swift */ = {isa = PBXFileReference; fileEncoding = 4; lastKnownFileType = sourcecode.swift; path = AddMeasurementDataInteractor.swift; sourceTree = "<group>"; };
		B1D76FE61F3DAFD100698299 /* ProfileDataInteractor.swift */ = {isa = PBXFileReference; fileEncoding = 4; lastKnownFileType = sourcecode.swift; path = ProfileDataInteractor.swift; sourceTree = "<group>"; };
		B1D76FE81F3DB51D00698299 /* UIViewControllerExtension.swift */ = {isa = PBXFileReference; fileEncoding = 4; lastKnownFileType = sourcecode.swift; path = UIViewControllerExtension.swift; sourceTree = "<group>"; };
		B1D76FEF1F3DB7EB00698299 /* LoadingIndicatorView.swift */ = {isa = PBXFileReference; fileEncoding = 4; lastKnownFileType = sourcecode.swift; path = LoadingIndicatorView.swift; sourceTree = "<group>"; };
		B1D76FF11F3DB7FD00698299 /* LoadingIndicatorView.xib */ = {isa = PBXFileReference; fileEncoding = 4; lastKnownFileType = file.xib; path = LoadingIndicatorView.xib; sourceTree = "<group>"; };
		B1D76FF31F3DB81900698299 /* LoadingIndicator.swift */ = {isa = PBXFileReference; fileEncoding = 4; lastKnownFileType = sourcecode.swift; path = LoadingIndicator.swift; sourceTree = "<group>"; };
		B1D76FF51F3DBC5900698299 /* CommonView.swift */ = {isa = PBXFileReference; fileEncoding = 4; lastKnownFileType = sourcecode.swift; path = CommonView.swift; sourceTree = "<group>"; };
		B1D76FF71F3DC82C00698299 /* WelcomeDataInteractor.swift */ = {isa = PBXFileReference; fileEncoding = 4; lastKnownFileType = sourcecode.swift; path = WelcomeDataInteractor.swift; sourceTree = "<group>"; };
		B1DAE22C1F3CB391002043F3 /* StringExtension.swift */ = {isa = PBXFileReference; fileEncoding = 4; lastKnownFileType = sourcecode.swift; path = StringExtension.swift; sourceTree = "<group>"; };
		C71A015AF582682AF96E4273 /* Pods-BodyMassIndexTests.debug.xcconfig */ = {isa = PBXFileReference; includeInIndex = 1; lastKnownFileType = text.xcconfig; name = "Pods-BodyMassIndexTests.debug.xcconfig"; path = "Pods/Target Support Files/Pods-BodyMassIndexTests/Pods-BodyMassIndexTests.debug.xcconfig"; sourceTree = "<group>"; };
		E26BCD2E49E653FB11F79039 /* Pods-BodyMassIndex.release.xcconfig */ = {isa = PBXFileReference; includeInIndex = 1; lastKnownFileType = text.xcconfig; name = "Pods-BodyMassIndex.release.xcconfig"; path = "Pods/Target Support Files/Pods-BodyMassIndex/Pods-BodyMassIndex.release.xcconfig"; sourceTree = "<group>"; };
		E854AEA683ECBE74C2444E0D /* Pods-BodyMassIndex.debug.xcconfig */ = {isa = PBXFileReference; includeInIndex = 1; lastKnownFileType = text.xcconfig; name = "Pods-BodyMassIndex.debug.xcconfig"; path = "Pods/Target Support Files/Pods-BodyMassIndex/Pods-BodyMassIndex.debug.xcconfig"; sourceTree = "<group>"; };
		F7DD510385034329AEDECAE2 /* Pods_BodyMassIndexTests.framework */ = {isa = PBXFileReference; explicitFileType = wrapper.framework; includeInIndex = 0; path = Pods_BodyMassIndexTests.framework; sourceTree = BUILT_PRODUCTS_DIR; };
/* End PBXFileReference section */

/* Begin PBXFrameworksBuildPhase section */
		B1A677271F38698300B4B3ED /* Frameworks */ = {
			isa = PBXFrameworksBuildPhase;
			buildActionMask = 2147483647;
			files = (
				A2A84C3CE9B795180D821827 /* Pods_BodyMassIndex.framework in Frameworks */,
			);
			runOnlyForDeploymentPostprocessing = 0;
		};
		B1A6773B1F38698300B4B3ED /* Frameworks */ = {
			isa = PBXFrameworksBuildPhase;
			buildActionMask = 2147483647;
			files = (
				630CBE4BF5D5ABC751788890 /* Pods_BodyMassIndexTests.framework in Frameworks */,
			);
			runOnlyForDeploymentPostprocessing = 0;
		};
/* End PBXFrameworksBuildPhase section */

/* Begin PBXGroup section */
		6564D4D40CC44DCA2787A650 /* Pods */ = {
			isa = PBXGroup;
			children = (
				E854AEA683ECBE74C2444E0D /* Pods-BodyMassIndex.debug.xcconfig */,
				E26BCD2E49E653FB11F79039 /* Pods-BodyMassIndex.release.xcconfig */,
				C71A015AF582682AF96E4273 /* Pods-BodyMassIndexTests.debug.xcconfig */,
				0B8947ADA2D77C5E58701805 /* Pods-BodyMassIndexTests.release.xcconfig */,
			);
			name = Pods;
			sourceTree = "<group>";
		};
		B12E0E251F3DE2F60075A26C /* Registration */ = {
			isa = PBXGroup;
			children = (
				B12E0E261F3DE2F60075A26C /* RegistrationEventHandler.swift */,
				B12E0E271F3DE2F60075A26C /* RegistrationPresenter.swift */,
				B12E0E281F3DE2F60075A26C /* RegistrationRouter.swift */,
				B12E0E291F3DE2F60075A26C /* RegistrationView.swift */,
				B12E0E2A1F3DE2F60075A26C /* RegistrationWireframe.swift */,
				B12E0E351F3DEA720075A26C /* RegistrationDataInteractor.swift */,
			);
			path = Registration;
			sourceTree = "<group>";
		};
		B12E0E301F3DE3250075A26C /* Registration */ = {
			isa = PBXGroup;
			children = (
				B12E0E311F3DE3250075A26C /* RegistrationViewController.swift */,
				B12E0E321F3DE3250075A26C /* RegistrationViewController.xib */,
			);
			path = Registration;
			sourceTree = "<group>";
		};
		B14AD0581F39A58B00C2C280 /* MainModule */ = {
			isa = PBXGroup;
			children = (
				B14AD06A1F39A5FD00C2C280 /* MainModule.swift */,
				B14AD06B1F39A5FD00C2C280 /* MainModuleWireframe.swift */,
				B14AD08C1F39FCE300C2C280 /* AddMeasurement */,
				B14AD0591F39A58B00C2C280 /* MeasurementList */,
				B14AD06E1F39AC8B00C2C280 /* Profile */,
			);
			path = MainModule;
			sourceTree = "<group>";
		};
		B14AD0591F39A58B00C2C280 /* MeasurementList */ = {
			isa = PBXGroup;
			children = (
				B14AD05A1F39A58B00C2C280 /* MeasurementListEventHandler.swift */,
				B14AD05B1F39A58B00C2C280 /* MeasurementListPresenter.swift */,
				B14AD05C1F39A58B00C2C280 /* MeasurementListRouter.swift */,
				B14AD05D1F39A58B00C2C280 /* MeasurementListView.swift */,
				B14AD05E1F39A58B00C2C280 /* MeasurementListWireframe.swift */,
				B14AD07E1F39B47000C2C280 /* MeasurementListDataInteractor.swift */,
			);
			path = MeasurementList;
			sourceTree = "<group>";
		};
		B14AD0641F39A59700C2C280 /* MainModule */ = {
			isa = PBXGroup;
			children = (
				B14AD0971F39FCF400C2C280 /* AddMeasurement */,
				B14AD0651F39A59700C2C280 /* MeasurementList */,
				B14AD0791F39AC9C00C2C280 /* Profile */,
			);
			path = MainModule;
			sourceTree = "<group>";
		};
		B14AD0651F39A59700C2C280 /* MeasurementList */ = {
			isa = PBXGroup;
			children = (
				B14AD0661F39A59700C2C280 /* MeasurementListViewController.swift */,
				B14AD0671F39A59700C2C280 /* MeasurementListViewController.xib */,
				B14AD0801F39B64200C2C280 /* MeasurementListCellTableViewCell.swift */,
				B14AD0811F39B64200C2C280 /* MeasurementListCellTableViewCell.xib */,
			);
			path = MeasurementList;
			sourceTree = "<group>";
		};
		B14AD06E1F39AC8B00C2C280 /* Profile */ = {
			isa = PBXGroup;
			children = (
				B14AD06F1F39AC8B00C2C280 /* ProfileEventHandler.swift */,
				B14AD0701F39AC8B00C2C280 /* ProfilePresenter.swift */,
				B14AD0711F39AC8B00C2C280 /* ProfileRouter.swift */,
				B14AD0721F39AC8B00C2C280 /* ProfileView.swift */,
				B14AD0731F39AC8B00C2C280 /* ProfileWireframe.swift */,
				B1D76FE61F3DAFD100698299 /* ProfileDataInteractor.swift */,
			);
			path = Profile;
			sourceTree = "<group>";
		};
		B14AD0791F39AC9C00C2C280 /* Profile */ = {
			isa = PBXGroup;
			children = (
				B14AD07A1F39AC9C00C2C280 /* ProfileViewController.swift */,
				B14AD07B1F39AC9C00C2C280 /* ProfileViewController.xib */,
			);
			path = Profile;
			sourceTree = "<group>";
		};
		B14AD0841F39BC0200C2C280 /* Extensions */ = {
			isa = PBXGroup;
			children = (
				B14AD0851F39BC1600C2C280 /* DateExtension.swift */,
				B1DAE22C1F3CB391002043F3 /* StringExtension.swift */,
				B1D76FE81F3DB51D00698299 /* UIViewControllerExtension.swift */,
				B147D4541F3F1CC600D9021F /* FileManagerExtension.swift */,
			);
			path = Extensions;
			sourceTree = "<group>";
		};
		B14AD08C1F39FCE300C2C280 /* AddMeasurement */ = {
			isa = PBXGroup;
			children = (
				B14AD08D1F39FCE300C2C280 /* AddMeasurementEventHandler.swift */,
				B14AD08E1F39FCE300C2C280 /* AddMeasurementPresenter.swift */,
				B14AD08F1F39FCE300C2C280 /* AddMeasurementRouter.swift */,
				B14AD0901F39FCE300C2C280 /* AddMeasurementView.swift */,
				B14AD0911F39FCE300C2C280 /* AddMeasurementWireframe.swift */,
				B1D76FE41F3DABE300698299 /* AddMeasurementDataInteractor.swift */,
			);
			path = AddMeasurement;
			sourceTree = "<group>";
		};
		B14AD0971F39FCF400C2C280 /* AddMeasurement */ = {
			isa = PBXGroup;
			children = (
				B14AD0981F39FCF400C2C280 /* AddMeasurementViewController.swift */,
				B14AD0991F39FCF400C2C280 /* AddMeasurementViewController.xib */,
			);
			path = AddMeasurement;
			sourceTree = "<group>";
		};
		B1A677211F38698300B4B3ED = {
			isa = PBXGroup;
			children = (
				B1A6772C1F38698300B4B3ED /* BodyMassIndex */,
				B1A677411F38698300B4B3ED /* BodyMassIndexTests */,
				B1A6772B1F38698300B4B3ED /* Products */,
				6564D4D40CC44DCA2787A650 /* Pods */,
				F2DBED5428CE8F66428029B2 /* Frameworks */,
			);
			sourceTree = "<group>";
		};
		B1A6772B1F38698300B4B3ED /* Products */ = {
			isa = PBXGroup;
			children = (
				B1A6772A1F38698300B4B3ED /* BodyMassIndex.app */,
				B1A6773E1F38698300B4B3ED /* BodyMassIndexTests.xctest */,
			);
			name = Products;
			sourceTree = "<group>";
		};
		B1A6772C1F38698300B4B3ED /* BodyMassIndex */ = {
			isa = PBXGroup;
			children = (
				B1A6774D1F386B7C00B4B3ED /* Entities */,
				B14AD0841F39BC0200C2C280 /* Extensions */,
				B1A6774E1F386B7C00B4B3ED /* Managers */,
				B1A677501F386B7C00B4B3ED /* Modules */,
				B1A6775C1F386B7C00B4B3ED /* UserInterfaces */,
				B1A677611F386B7C00B4B3ED /* Utilities */,
				B1A6772D1F38698300B4B3ED /* AppDelegate.swift */,
				B1A677341F38698300B4B3ED /* Assets.xcassets */,
				B1A677361F38698300B4B3ED /* LaunchScreen.storyboard */,
				B1A677391F38698300B4B3ED /* Info.plist */,
				B14AD09C1F3A146400C2C280 /* GoogleService-Info.plist */,
				B14AD0871F39BCCA00C2C280 /* MyPlayground.playground */,
			);
			path = BodyMassIndex;
			sourceTree = "<group>";
		};
		B1A677411F38698300B4B3ED /* BodyMassIndexTests */ = {
			isa = PBXGroup;
			children = (
				B1A677421F38698300B4B3ED /* BodyMassIndexTests.swift */,
				B1A677441F38698300B4B3ED /* Info.plist */,
			);
			path = BodyMassIndexTests;
			sourceTree = "<group>";
		};
		B1A6774D1F386B7C00B4B3ED /* Entities */ = {
			isa = PBXGroup;
			children = (
				B14AD0881F39D0B800C2C280 /* Profile.swift */,
				B1857D281F3E0B04002B6904 /* Measurement.swift */,
			);
			path = Entities;
			sourceTree = "<group>";
		};
		B1A6774E1F386B7C00B4B3ED /* Managers */ = {
			isa = PBXGroup;
			children = (
				B1A6774F1F386B7C00B4B3ED /* ModuleManager.swift */,
				B14AD08A1F39F8CE00C2C280 /* ProfileManager.swift */,
			);
			path = Managers;
			sourceTree = "<group>";
		};
		B1A677501F386B7C00B4B3ED /* Modules */ = {
			isa = PBXGroup;
			children = (
				B1A677511F386B7C00B4B3ED /* Module.swift */,
				B1A677521F386B7C00B4B3ED /* Wireframe.swift */,
				B1D76FF51F3DBC5900698299 /* CommonView.swift */,
				B14AD0581F39A58B00C2C280 /* MainModule */,
				B1A677531F386B7C00B4B3ED /* WelcomeModule */,
			);
			path = Modules;
			sourceTree = "<group>";
		};
		B1A677531F386B7C00B4B3ED /* WelcomeModule */ = {
			isa = PBXGroup;
			children = (
				B1A677551F386B7C00B4B3ED /* WelcomeModule.swift */,
				B1A677541F386B7C00B4B3ED /* WelcomeModuleWireframe.swift */,
				B12E0E251F3DE2F60075A26C /* Registration */,
				B1A677561F386B7C00B4B3ED /* Welcome */,
			);
			path = WelcomeModule;
			sourceTree = "<group>";
		};
		B1A677561F386B7C00B4B3ED /* Welcome */ = {
			isa = PBXGroup;
			children = (
				B1A677571F386B7C00B4B3ED /* WelcomeEventHandler.swift */,
				B1A677581F386B7C00B4B3ED /* WelcomePresenter.swift */,
				B1A677591F386B7C00B4B3ED /* WelcomeRouter.swift */,
				B1A6775A1F386B7C00B4B3ED /* WelcomeView.swift */,
				B1A6775B1F386B7C00B4B3ED /* WelcomeWireframe.swift */,
				B1D76FF71F3DC82C00698299 /* WelcomeDataInteractor.swift */,
			);
			path = Welcome;
			sourceTree = "<group>";
		};
		B1A6775C1F386B7C00B4B3ED /* UserInterfaces */ = {
			isa = PBXGroup;
			children = (
				B14AD0641F39A59700C2C280 /* MainModule */,
				B1A6775D1F386B7C00B4B3ED /* WelcomeModule */,
			);
			path = UserInterfaces;
			sourceTree = "<group>";
		};
		B1A6775D1F386B7C00B4B3ED /* WelcomeModule */ = {
			isa = PBXGroup;
			children = (
				B12E0E301F3DE3250075A26C /* Registration */,
				B1A6775E1F386B7C00B4B3ED /* Welcome */,
			);
			path = WelcomeModule;
			sourceTree = "<group>";
		};
		B1A6775E1F386B7C00B4B3ED /* Welcome */ = {
			isa = PBXGroup;
			children = (
				B1A6775F1F386B7C00B4B3ED /* WelcomeViewController.swift */,
				B1A677601F386B7C00B4B3ED /* WelcomeViewController.xib */,
			);
			path = Welcome;
			sourceTree = "<group>";
		};
		B1A677611F386B7C00B4B3ED /* Utilities */ = {
			isa = PBXGroup;
			children = (
				B1D76FEE1F3DB7D900698299 /* LoadingIndicator */,
				B1A677831F38A1BF00B4B3ED /* FacebookService.swift */,
				B14AD09E1F3A1EAF00C2C280 /* FirebaseService.swift */,
				B14C5DD31F3AFDA600115E92 /* AJAlertView.swift */,
			);
			path = Utilities;
			sourceTree = "<group>";
		};
		B1D76FEE1F3DB7D900698299 /* LoadingIndicator */ = {
			isa = PBXGroup;
			children = (
				B1D76FF31F3DB81900698299 /* LoadingIndicator.swift */,
				B1D76FEF1F3DB7EB00698299 /* LoadingIndicatorView.swift */,
				B1D76FF11F3DB7FD00698299 /* LoadingIndicatorView.xib */,
			);
			path = LoadingIndicator;
			sourceTree = "<group>";
		};
		F2DBED5428CE8F66428029B2 /* Frameworks */ = {
			isa = PBXGroup;
			children = (
				08D98FE08BC4B3900765AF1E /* Pods_BodyMassIndex.framework */,
				F7DD510385034329AEDECAE2 /* Pods_BodyMassIndexTests.framework */,
			);
			name = Frameworks;
			sourceTree = "<group>";
		};
/* End PBXGroup section */

/* Begin PBXNativeTarget section */
		B1A677291F38698300B4B3ED /* BodyMassIndex */ = {
			isa = PBXNativeTarget;
			buildConfigurationList = B1A677471F38698300B4B3ED /* Build configuration list for PBXNativeTarget "BodyMassIndex" */;
			buildPhases = (
				657A1A5D142A3E5AAA052ADF /* [CP] Check Pods Manifest.lock */,
				B1A677261F38698300B4B3ED /* Sources */,
				B1A677271F38698300B4B3ED /* Frameworks */,
				B1A677281F38698300B4B3ED /* Resources */,
				2FC68D5F79076638816006C8 /* [CP] Embed Pods Frameworks */,
				26A9241C7DAED6F507184B39 /* [CP] Copy Pods Resources */,
			);
			buildRules = (
			);
			dependencies = (
			);
			name = BodyMassIndex;
			productName = BodyMassIndex;
			productReference = B1A6772A1F38698300B4B3ED /* BodyMassIndex.app */;
			productType = "com.apple.product-type.application";
		};
		B1A6773D1F38698300B4B3ED /* BodyMassIndexTests */ = {
			isa = PBXNativeTarget;
			buildConfigurationList = B1A6774A1F38698300B4B3ED /* Build configuration list for PBXNativeTarget "BodyMassIndexTests" */;
			buildPhases = (
				CAF88F87FE550FAEAD901E06 /* [CP] Check Pods Manifest.lock */,
				B1A6773A1F38698300B4B3ED /* Sources */,
				B1A6773B1F38698300B4B3ED /* Frameworks */,
				B1A6773C1F38698300B4B3ED /* Resources */,
				64DDD80184259D056E594C52 /* [CP] Embed Pods Frameworks */,
				B38E93CDB1BCC108C259F5A2 /* [CP] Copy Pods Resources */,
			);
			buildRules = (
			);
			dependencies = (
				B1A677401F38698300B4B3ED /* PBXTargetDependency */,
			);
			name = BodyMassIndexTests;
			productName = BodyMassIndexTests;
			productReference = B1A6773E1F38698300B4B3ED /* BodyMassIndexTests.xctest */;
			productType = "com.apple.product-type.bundle.unit-test";
		};
/* End PBXNativeTarget section */

/* Begin PBXProject section */
		B1A677221F38698300B4B3ED /* Project object */ = {
			isa = PBXProject;
			attributes = {
				LastSwiftUpdateCheck = 0830;
				LastUpgradeCheck = 0830;
				ORGANIZATIONNAME = TestCompany;
				TargetAttributes = {
					B1A677291F38698300B4B3ED = {
						CreatedOnToolsVersion = 8.3.2;
						ProvisioningStyle = Manual;
					};
					B1A6773D1F38698300B4B3ED = {
						CreatedOnToolsVersion = 8.3.2;
						DevelopmentTeam = J97D2M96X7;
						ProvisioningStyle = Automatic;
						TestTargetID = B1A677291F38698300B4B3ED;
					};
				};
			};
			buildConfigurationList = B1A677251F38698300B4B3ED /* Build configuration list for PBXProject "BodyMassIndex" */;
			compatibilityVersion = "Xcode 3.2";
			developmentRegion = English;
			hasScannedForEncodings = 0;
			knownRegions = (
				en,
				Base,
			);
			mainGroup = B1A677211F38698300B4B3ED;
			productRefGroup = B1A6772B1F38698300B4B3ED /* Products */;
			projectDirPath = "";
			projectRoot = "";
			targets = (
				B1A677291F38698300B4B3ED /* BodyMassIndex */,
				B1A6773D1F38698300B4B3ED /* BodyMassIndexTests */,
			);
		};
/* End PBXProject section */

/* Begin PBXResourcesBuildPhase section */
		B1A677281F38698300B4B3ED /* Resources */ = {
			isa = PBXResourcesBuildPhase;
			buildActionMask = 2147483647;
			files = (
				B14AD0831F39B64200C2C280 /* MeasurementListCellTableViewCell.xib in Resources */,
				B14AD09D1F3A146400C2C280 /* GoogleService-Info.plist in Resources */,
				B1D76FF21F3DB7FD00698299 /* LoadingIndicatorView.xib in Resources */,
				B1A677381F38698300B4B3ED /* LaunchScreen.storyboard in Resources */,
				B14AD0691F39A59700C2C280 /* MeasurementListViewController.xib in Resources */,
				B12E0E341F3DE3250075A26C /* RegistrationViewController.xib in Resources */,
				B1A677731F386B7D00B4B3ED /* WelcomeViewController.xib in Resources */,
				B14AD09B1F39FCF400C2C280 /* AddMeasurementViewController.xib in Resources */,
				B14AD07D1F39AC9C00C2C280 /* ProfileViewController.xib in Resources */,
				B1A677351F38698300B4B3ED /* Assets.xcassets in Resources */,
			);
			runOnlyForDeploymentPostprocessing = 0;
		};
		B1A6773C1F38698300B4B3ED /* Resources */ = {
			isa = PBXResourcesBuildPhase;
			buildActionMask = 2147483647;
			files = (
			);
			runOnlyForDeploymentPostprocessing = 0;
		};
/* End PBXResourcesBuildPhase section */

/* Begin PBXShellScriptBuildPhase section */
		26A9241C7DAED6F507184B39 /* [CP] Copy Pods Resources */ = {
			isa = PBXShellScriptBuildPhase;
			buildActionMask = 2147483647;
			files = (
			);
			inputPaths = (
			);
			name = "[CP] Copy Pods Resources";
			outputPaths = (
			);
			runOnlyForDeploymentPostprocessing = 0;
			shellPath = /bin/sh;
			shellScript = "\"${SRCROOT}/Pods/Target Support Files/Pods-BodyMassIndex/Pods-BodyMassIndex-resources.sh\"\n";
			showEnvVarsInLog = 0;
		};
		2FC68D5F79076638816006C8 /* [CP] Embed Pods Frameworks */ = {
			isa = PBXShellScriptBuildPhase;
			buildActionMask = 2147483647;
			files = (
			);
			inputPaths = (
			);
			name = "[CP] Embed Pods Frameworks";
			outputPaths = (
			);
			runOnlyForDeploymentPostprocessing = 0;
			shellPath = /bin/sh;
			shellScript = "\"${SRCROOT}/Pods/Target Support Files/Pods-BodyMassIndex/Pods-BodyMassIndex-frameworks.sh\"\n";
			showEnvVarsInLog = 0;
		};
		64DDD80184259D056E594C52 /* [CP] Embed Pods Frameworks */ = {
			isa = PBXShellScriptBuildPhase;
			buildActionMask = 2147483647;
			files = (
			);
			inputPaths = (
			);
			name = "[CP] Embed Pods Frameworks";
			outputPaths = (
			);
			runOnlyForDeploymentPostprocessing = 0;
			shellPath = /bin/sh;
			shellScript = "\"${SRCROOT}/Pods/Target Support Files/Pods-BodyMassIndexTests/Pods-BodyMassIndexTests-frameworks.sh\"\n";
			showEnvVarsInLog = 0;
		};
		657A1A5D142A3E5AAA052ADF /* [CP] Check Pods Manifest.lock */ = {
			isa = PBXShellScriptBuildPhase;
			buildActionMask = 2147483647;
			files = (
			);
			inputPaths = (
			);
			name = "[CP] Check Pods Manifest.lock";
			outputPaths = (
			);
			runOnlyForDeploymentPostprocessing = 0;
			shellPath = /bin/sh;
			shellScript = "diff \"${PODS_PODFILE_DIR_PATH}/Podfile.lock\" \"${PODS_ROOT}/Manifest.lock\" > /dev/null\nif [ $? != 0 ] ; then\n    # print error to STDERR\n    echo \"error: The sandbox is not in sync with the Podfile.lock. Run 'pod install' or update your CocoaPods installation.\" >&2\n    exit 1\nfi\n";
			showEnvVarsInLog = 0;
		};
		B38E93CDB1BCC108C259F5A2 /* [CP] Copy Pods Resources */ = {
			isa = PBXShellScriptBuildPhase;
			buildActionMask = 2147483647;
			files = (
			);
			inputPaths = (
			);
			name = "[CP] Copy Pods Resources";
			outputPaths = (
			);
			runOnlyForDeploymentPostprocessing = 0;
			shellPath = /bin/sh;
			shellScript = "\"${SRCROOT}/Pods/Target Support Files/Pods-BodyMassIndexTests/Pods-BodyMassIndexTests-resources.sh\"\n";
			showEnvVarsInLog = 0;
		};
		CAF88F87FE550FAEAD901E06 /* [CP] Check Pods Manifest.lock */ = {
			isa = PBXShellScriptBuildPhase;
			buildActionMask = 2147483647;
			files = (
			);
			inputPaths = (
			);
			name = "[CP] Check Pods Manifest.lock";
			outputPaths = (
			);
			runOnlyForDeploymentPostprocessing = 0;
			shellPath = /bin/sh;
			shellScript = "diff \"${PODS_PODFILE_DIR_PATH}/Podfile.lock\" \"${PODS_ROOT}/Manifest.lock\" > /dev/null\nif [ $? != 0 ] ; then\n    # print error to STDERR\n    echo \"error: The sandbox is not in sync with the Podfile.lock. Run 'pod install' or update your CocoaPods installation.\" >&2\n    exit 1\nfi\n";
			showEnvVarsInLog = 0;
		};
/* End PBXShellScriptBuildPhase section */

/* Begin PBXSourcesBuildPhase section */
		B1A677261F38698300B4B3ED /* Sources */ = {
			isa = PBXSourcesBuildPhase;
			buildActionMask = 2147483647;
			files = (
				B1D76FF41F3DB81900698299 /* LoadingIndicator.swift in Sources */,
				B14AD0761F39AC8B00C2C280 /* ProfileRouter.swift in Sources */,
				B12E0E2D1F3DE2F60075A26C /* RegistrationRouter.swift in Sources */,
				B12E0E2E1F3DE2F60075A26C /* RegistrationView.swift in Sources */,
				B14AD0861F39BC1600C2C280 /* DateExtension.swift in Sources */,
				B14AD07F1F39B47000C2C280 /* MeasurementListDataInteractor.swift in Sources */,
				B1A6776D1F386B7D00B4B3ED /* WelcomeEventHandler.swift in Sources */,
				B14AD0941F39FCE300C2C280 /* AddMeasurementRouter.swift in Sources */,
				B14AD0751F39AC8B00C2C280 /* ProfilePresenter.swift in Sources */,
				B1A6776E1F386B7D00B4B3ED /* WelcomePresenter.swift in Sources */,
				B14AD09F1F3A1EAF00C2C280 /* FirebaseService.swift in Sources */,
				B1A6776F1F386B7D00B4B3ED /* WelcomeRouter.swift in Sources */,
				B12E0E331F3DE3250075A26C /* RegistrationViewController.swift in Sources */,
				B14AD0931F39FCE300C2C280 /* AddMeasurementPresenter.swift in Sources */,
				B1D76FF61F3DBC5900698299 /* CommonView.swift in Sources */,
				B1A677681F386B7C00B4B3ED /* ModuleManager.swift in Sources */,
				B14AD07C1F39AC9C00C2C280 /* ProfileViewController.swift in Sources */,
				B14AD0891F39D0B800C2C280 /* Profile.swift in Sources */,
				B1D76FE71F3DAFD100698299 /* ProfileDataInteractor.swift in Sources */,
				B1A6776B1F386B7D00B4B3ED /* WelcomeModuleWireframe.swift in Sources */,
				B14AD0771F39AC8B00C2C280 /* ProfileView.swift in Sources */,
				B12E0E361F3DEA720075A26C /* RegistrationDataInteractor.swift in Sources */,
				B1A677721F386B7D00B4B3ED /* WelcomeViewController.swift in Sources */,
				B1A677701F386B7D00B4B3ED /* WelcomeView.swift in Sources */,
				B14AD0601F39A58B00C2C280 /* MeasurementListPresenter.swift in Sources */,
				B12E0E2C1F3DE2F60075A26C /* RegistrationPresenter.swift in Sources */,
				B14C5DD41F3AFDA600115E92 /* AJAlertView.swift in Sources */,
				B1D76FE91F3DB51D00698299 /* UIViewControllerExtension.swift in Sources */,
				B14AD0951F39FCE300C2C280 /* AddMeasurementView.swift in Sources */,
				B1A677691F386B7C00B4B3ED /* Module.swift in Sources */,
				B14AD0781F39AC8B00C2C280 /* ProfileWireframe.swift in Sources */,
				B14AD0681F39A59700C2C280 /* MeasurementListViewController.swift in Sources */,
				B14AD0621F39A58B00C2C280 /* MeasurementListView.swift in Sources */,
				B14AD0611F39A58B00C2C280 /* MeasurementListRouter.swift in Sources */,
				B1857D291F3E0B04002B6904 /* Measurement.swift in Sources */,
				B1D76FF01F3DB7EB00698299 /* LoadingIndicatorView.swift in Sources */,
				B14AD05F1F39A58B00C2C280 /* MeasurementListEventHandler.swift in Sources */,
				B1A6772E1F38698300B4B3ED /* AppDelegate.swift in Sources */,
				B14AD0631F39A58B00C2C280 /* MeasurementListWireframe.swift in Sources */,
				B14AD0741F39AC8B00C2C280 /* ProfileEventHandler.swift in Sources */,
				B14AD06D1F39A5FD00C2C280 /* MainModuleWireframe.swift in Sources */,
				B1A6776C1F386B7D00B4B3ED /* WelcomeModule.swift in Sources */,
				B12E0E2F1F3DE2F60075A26C /* RegistrationWireframe.swift in Sources */,
				B1A6776A1F386B7D00B4B3ED /* Wireframe.swift in Sources */,
				B14AD08B1F39F8CE00C2C280 /* ProfileManager.swift in Sources */,
				B1A677711F386B7D00B4B3ED /* WelcomeWireframe.swift in Sources */,
				B12E0E2B1F3DE2F60075A26C /* RegistrationEventHandler.swift in Sources */,
				B1D76FF81F3DC82C00698299 /* WelcomeDataInteractor.swift in Sources */,
				B14AD06C1F39A5FD00C2C280 /* MainModule.swift in Sources */,
				B14AD0921F39FCE300C2C280 /* AddMeasurementEventHandler.swift in Sources */,
				B14AD0821F39B64200C2C280 /* MeasurementListCellTableViewCell.swift in Sources */,
				B1DAE22D1F3CB391002043F3 /* StringExtension.swift in Sources */,
				B147D4551F3F1CCD00D9021F /* FileManagerExtension.swift in Sources */,
				B14AD09A1F39FCF400C2C280 /* AddMeasurementViewController.swift in Sources */,
				B1D76FE51F3DABE300698299 /* AddMeasurementDataInteractor.swift in Sources */,
				B14AD0961F39FCE300C2C280 /* AddMeasurementWireframe.swift in Sources */,
				B1A677841F38A1BF00B4B3ED /* FacebookService.swift in Sources */,
			);
			runOnlyForDeploymentPostprocessing = 0;
		};
		B1A6773A1F38698300B4B3ED /* Sources */ = {
			isa = PBXSourcesBuildPhase;
			buildActionMask = 2147483647;
			files = (
				B1A677431F38698300B4B3ED /* BodyMassIndexTests.swift in Sources */,
			);
			runOnlyForDeploymentPostprocessing = 0;
		};
/* End PBXSourcesBuildPhase section */

/* Begin PBXTargetDependency section */
		B1A677401F38698300B4B3ED /* PBXTargetDependency */ = {
			isa = PBXTargetDependency;
			target = B1A677291F38698300B4B3ED /* BodyMassIndex */;
			targetProxy = B1A6773F1F38698300B4B3ED /* PBXContainerItemProxy */;
		};
/* End PBXTargetDependency section */

/* Begin PBXVariantGroup section */
		B1A677361F38698300B4B3ED /* LaunchScreen.storyboard */ = {
			isa = PBXVariantGroup;
			children = (
				B1A677371F38698300B4B3ED /* Base */,
			);
			name = LaunchScreen.storyboard;
			sourceTree = "<group>";
		};
/* End PBXVariantGroup section */

/* Begin XCBuildConfiguration section */
		B1A677451F38698300B4B3ED /* Debug */ = {
			isa = XCBuildConfiguration;
			buildSettings = {
				ALWAYS_SEARCH_USER_PATHS = NO;
				CLANG_ANALYZER_NONNULL = YES;
				CLANG_ANALYZER_NUMBER_OBJECT_CONVERSION = YES_AGGRESSIVE;
				CLANG_CXX_LANGUAGE_STANDARD = "gnu++0x";
				CLANG_CXX_LIBRARY = "libc++";
				CLANG_ENABLE_MODULES = YES;
				CLANG_ENABLE_OBJC_ARC = YES;
				CLANG_WARN_BOOL_CONVERSION = YES;
				CLANG_WARN_CONSTANT_CONVERSION = YES;
				CLANG_WARN_DIRECT_OBJC_ISA_USAGE = YES_ERROR;
				CLANG_WARN_DOCUMENTATION_COMMENTS = YES;
				CLANG_WARN_EMPTY_BODY = YES;
				CLANG_WARN_ENUM_CONVERSION = YES;
				CLANG_WARN_INFINITE_RECURSION = YES;
				CLANG_WARN_INT_CONVERSION = YES;
				CLANG_WARN_OBJC_ROOT_CLASS = YES_ERROR;
				CLANG_WARN_SUSPICIOUS_MOVE = YES;
				CLANG_WARN_UNREACHABLE_CODE = YES;
				CLANG_WARN__DUPLICATE_METHOD_MATCH = YES;
				"CODE_SIGN_IDENTITY[sdk=iphoneos*]" = "iPhone Developer";
				COPY_PHASE_STRIP = NO;
				DEBUG_INFORMATION_FORMAT = dwarf;
				ENABLE_STRICT_OBJC_MSGSEND = YES;
				ENABLE_TESTABILITY = YES;
				GCC_C_LANGUAGE_STANDARD = gnu99;
				GCC_DYNAMIC_NO_PIC = NO;
				GCC_NO_COMMON_BLOCKS = YES;
				GCC_OPTIMIZATION_LEVEL = 0;
				GCC_PREPROCESSOR_DEFINITIONS = (
					"DEBUG=1",
					"$(inherited)",
				);
				GCC_WARN_64_TO_32_BIT_CONVERSION = YES;
				GCC_WARN_ABOUT_RETURN_TYPE = YES_ERROR;
				GCC_WARN_UNDECLARED_SELECTOR = YES;
				GCC_WARN_UNINITIALIZED_AUTOS = YES_AGGRESSIVE;
				GCC_WARN_UNUSED_FUNCTION = YES;
				GCC_WARN_UNUSED_VARIABLE = YES;
				IPHONEOS_DEPLOYMENT_TARGET = 10.3;
				MTL_ENABLE_DEBUG_INFO = YES;
				ONLY_ACTIVE_ARCH = YES;
				SDKROOT = iphoneos;
				SWIFT_ACTIVE_COMPILATION_CONDITIONS = DEBUG;
				SWIFT_OPTIMIZATION_LEVEL = "-Onone";
				TARGETED_DEVICE_FAMILY = "1,2";
			};
			name = Debug;
		};
		B1A677461F38698300B4B3ED /* Release */ = {
			isa = XCBuildConfiguration;
			buildSettings = {
				ALWAYS_SEARCH_USER_PATHS = NO;
				CLANG_ANALYZER_NONNULL = YES;
				CLANG_ANALYZER_NUMBER_OBJECT_CONVERSION = YES_AGGRESSIVE;
				CLANG_CXX_LANGUAGE_STANDARD = "gnu++0x";
				CLANG_CXX_LIBRARY = "libc++";
				CLANG_ENABLE_MODULES = YES;
				CLANG_ENABLE_OBJC_ARC = YES;
				CLANG_WARN_BOOL_CONVERSION = YES;
				CLANG_WARN_CONSTANT_CONVERSION = YES;
				CLANG_WARN_DIRECT_OBJC_ISA_USAGE = YES_ERROR;
				CLANG_WARN_DOCUMENTATION_COMMENTS = YES;
				CLANG_WARN_EMPTY_BODY = YES;
				CLANG_WARN_ENUM_CONVERSION = YES;
				CLANG_WARN_INFINITE_RECURSION = YES;
				CLANG_WARN_INT_CONVERSION = YES;
				CLANG_WARN_OBJC_ROOT_CLASS = YES_ERROR;
				CLANG_WARN_SUSPICIOUS_MOVE = YES;
				CLANG_WARN_UNREACHABLE_CODE = YES;
				CLANG_WARN__DUPLICATE_METHOD_MATCH = YES;
				"CODE_SIGN_IDENTITY[sdk=iphoneos*]" = "iPhone Developer";
				COPY_PHASE_STRIP = NO;
				DEBUG_INFORMATION_FORMAT = "dwarf-with-dsym";
				ENABLE_NS_ASSERTIONS = NO;
				ENABLE_STRICT_OBJC_MSGSEND = YES;
				GCC_C_LANGUAGE_STANDARD = gnu99;
				GCC_NO_COMMON_BLOCKS = YES;
				GCC_WARN_64_TO_32_BIT_CONVERSION = YES;
				GCC_WARN_ABOUT_RETURN_TYPE = YES_ERROR;
				GCC_WARN_UNDECLARED_SELECTOR = YES;
				GCC_WARN_UNINITIALIZED_AUTOS = YES_AGGRESSIVE;
				GCC_WARN_UNUSED_FUNCTION = YES;
				GCC_WARN_UNUSED_VARIABLE = YES;
				IPHONEOS_DEPLOYMENT_TARGET = 10.3;
				MTL_ENABLE_DEBUG_INFO = NO;
				SDKROOT = iphoneos;
				SWIFT_OPTIMIZATION_LEVEL = "-Owholemodule";
				TARGETED_DEVICE_FAMILY = "1,2";
				VALIDATE_PRODUCT = YES;
			};
			name = Release;
		};
		B1A677481F38698300B4B3ED /* Debug */ = {
			isa = XCBuildConfiguration;
			baseConfigurationReference = E854AEA683ECBE74C2444E0D /* Pods-BodyMassIndex.debug.xcconfig */;
			buildSettings = {
				ASSETCATALOG_COMPILER_APPICON_NAME = AppIcon;
				DEVELOPMENT_TEAM = "";
				INFOPLIST_FILE = BodyMassIndex/Info.plist;
				LD_RUNPATH_SEARCH_PATHS = "$(inherited) @executable_path/Frameworks";
				PRODUCT_BUNDLE_IDENTIFIER = AJ.BodyMassIndex;
				PRODUCT_NAME = "$(TARGET_NAME)";
				PROVISIONING_PROFILE_SPECIFIER = "";
				SWIFT_VERSION = 3.0;
			};
			name = Debug;
		};
		B1A677491F38698300B4B3ED /* Release */ = {
			isa = XCBuildConfiguration;
			baseConfigurationReference = E26BCD2E49E653FB11F79039 /* Pods-BodyMassIndex.release.xcconfig */;
			buildSettings = {
				ASSETCATALOG_COMPILER_APPICON_NAME = AppIcon;
				DEVELOPMENT_TEAM = "";
				INFOPLIST_FILE = BodyMassIndex/Info.plist;
				LD_RUNPATH_SEARCH_PATHS = "$(inherited) @executable_path/Frameworks";
				PRODUCT_BUNDLE_IDENTIFIER = AJ.BodyMassIndex;
				PRODUCT_NAME = "$(TARGET_NAME)";
				PROVISIONING_PROFILE_SPECIFIER = "";
				SWIFT_VERSION = 3.0;
			};
			name = Release;
		};
		B1A6774B1F38698300B4B3ED /* Debug */ = {
			isa = XCBuildConfiguration;
			baseConfigurationReference = C71A015AF582682AF96E4273 /* Pods-BodyMassIndexTests.debug.xcconfig */;
			buildSettings = {
				ALWAYS_EMBED_SWIFT_STANDARD_LIBRARIES = YES;
				BUNDLE_LOADER = "$(TEST_HOST)";
				DEVELOPMENT_TEAM = J97D2M96X7;
				INFOPLIST_FILE = BodyMassIndexTests/Info.plist;
				LD_RUNPATH_SEARCH_PATHS = "$(inherited) @executable_path/Frameworks @loader_path/Frameworks";
				PRODUCT_BUNDLE_IDENTIFIER = AJ.BodyMassIndexTests;
				PRODUCT_NAME = "$(TARGET_NAME)";
				SWIFT_VERSION = 3.0;
				TEST_HOST = "$(BUILT_PRODUCTS_DIR)/BodyMassIndex.app/BodyMassIndex";
			};
			name = Debug;
		};
		B1A6774C1F38698300B4B3ED /* Release */ = {
			isa = XCBuildConfiguration;
			baseConfigurationReference = 0B8947ADA2D77C5E58701805 /* Pods-BodyMassIndexTests.release.xcconfig */;
			buildSettings = {
				ALWAYS_EMBED_SWIFT_STANDARD_LIBRARIES = YES;
				BUNDLE_LOADER = "$(TEST_HOST)";
				DEVELOPMENT_TEAM = J97D2M96X7;
				INFOPLIST_FILE = BodyMassIndexTests/Info.plist;
				LD_RUNPATH_SEARCH_PATHS = "$(inherited) @executable_path/Frameworks @loader_path/Frameworks";
				PRODUCT_BUNDLE_IDENTIFIER = AJ.BodyMassIndexTests;
				PRODUCT_NAME = "$(TARGET_NAME)";
				SWIFT_VERSION = 3.0;
				TEST_HOST = "$(BUILT_PRODUCTS_DIR)/BodyMassIndex.app/BodyMassIndex";
			};
			name = Release;
		};
/* End XCBuildConfiguration section */

/* Begin XCConfigurationList section */
		B1A677251F38698300B4B3ED /* Build configuration list for PBXProject "BodyMassIndex" */ = {
			isa = XCConfigurationList;
			buildConfigurations = (
				B1A677451F38698300B4B3ED /* Debug */,
				B1A677461F38698300B4B3ED /* Release */,
			);
			defaultConfigurationIsVisible = 0;
			defaultConfigurationName = Release;
		};
		B1A677471F38698300B4B3ED /* Build configuration list for PBXNativeTarget "BodyMassIndex" */ = {
			isa = XCConfigurationList;
			buildConfigurations = (
				B1A677481F38698300B4B3ED /* Debug */,
				B1A677491F38698300B4B3ED /* Release */,
			);
			defaultConfigurationIsVisible = 0;
			defaultConfigurationName = Release;
		};
		B1A6774A1F38698300B4B3ED /* Build configuration list for PBXNativeTarget "BodyMassIndexTests" */ = {
			isa = XCConfigurationList;
			buildConfigurations = (
				B1A6774B1F38698300B4B3ED /* Debug */,
				B1A6774C1F38698300B4B3ED /* Release */,
			);
			defaultConfigurationIsVisible = 0;
			defaultConfigurationName = Release;
		};
/* End XCConfigurationList section */
	};
	rootObject = B1A677221F38698300B4B3ED /* Project object */;
}
